
Microsoft Visual Studio Solution File, Format Version 12.00
# Visual Studio Version 16
VisualStudioVersion = 16.0.32901.82
MinimumVisualStudioVersion = 10.0.40219.1
Project("{8BC9CEB8-8B4A-11D0-8D11-00A0C91BC942}") = "GUI Program", "GUI Program.vcxproj", "{83429236-4C04-4405-BCDC-ED8CE718EA9B}"
EndProject
Project("{8BC9CEB8-8B4A-11D0-8D11-00A0C91BC942}") = "Testing", "..\Testing\Testing.vcxproj", "{3CDC2C0F-BCAD-491A-BD6F-21F97ADE4847}"
EndProject
Global
	GlobalSection(SolutionConfigurationPlatforms) = preSolution
		Debug|x64 = Debug|x64
		Debug|x86 = Debug|x86
		Release|x64 = Release|x64
		Release|x86 = Release|x86
	EndGlobalSection
	GlobalSection(ProjectConfigurationPlatforms) = postSolution
		{83429236-4C04-4405-BCDC-ED8CE718EA9B}.Debug|x64.ActiveCfg = Debug|x64
		{83429236-4C04-4405-BCDC-ED8CE718EA9B}.Debug|x64.Build.0 = Debug|x64
		{83429236-4C04-4405-BCDC-ED8CE718EA9B}.Debug|x86.ActiveCfg = Debug|Win32
		{83429236-4C04-4405-BCDC-ED8CE718EA9B}.Debug|x86.Build.0 = Debug|Win32
		{83429236-4C04-4405-BCDC-ED8CE718EA9B}.Release|x64.ActiveCfg = Release|x64
		{83429236-4C04-4405-BCDC-ED8CE718EA9B}.Release|x64.Build.0 = Release|x64
		{83429236-4C04-4405-BCDC-ED8CE718EA9B}.Release|x86.ActiveCfg = Release|Win32
		{83429236-4C04-4405-BCDC-ED8CE718EA9B}.Release|x86.Build.0 = Release|Win32
		{3CDC2C0F-BCAD-491A-BD6F-21F97ADE4847}.Debug|x64.ActiveCfg = Debug|x64
		{3CDC2C0F-BCAD-491A-BD6F-21F97ADE4847}.Debug|x64.Build.0 = Debug|x64
		{3CDC2C0F-BCAD-491A-BD6F-21F97ADE4847}.Debug|x86.ActiveCfg = Debug|Win32
		{3CDC2C0F-BCAD-491A-BD6F-21F97ADE4847}.Debug|x86.Build.0 = Debug|Win32
		{3CDC2C0F-BCAD-491A-BD6F-21F97ADE4847}.Release|x64.ActiveCfg = Release|x64
		{3CDC2C0F-BCAD-491A-BD6F-21F97ADE4847}.Release|x64.Build.0 = Release|x64
		{3CDC2C0F-BCAD-491A-BD6F-21F97ADE4847}.Release|x86.ActiveCfg = Release|Win32
		{3CDC2C0F-BCAD-491A-BD6F-21F97ADE4847}.Release|x86.Build.0 = Release|Win32
	EndGlobalSection
	GlobalSection(SolutionProperties) = preSolution
		HideSolutionNode = FALSE
	EndGlobalSection
	GlobalSection(ExtensibilityGlobals) = postSolution
		SolutionGuid = {E9438BE1-B31A-4746-A368-38FA91844C76}
	EndGlobalSection
EndGlobal
